// !$*UTF8*$!
{
	archiveVersion = 1;
	classes = {
	};
	objectVersion = 48;
	objects = {

/* Begin PBXBuildFile section */
		0142C3AB31BB4C9A4CFC4A57 /* Pods_Nestaway.framework in Frameworks */ = {isa = PBXBuildFile; fileRef = 5B6028FB28F6383C7914144D /* Pods_Nestaway.framework */; };
		5B19710520416A580068392F /* NestawayTests.swift in Sources */ = {isa = PBXBuildFile; fileRef = 5B19710420416A580068392F /* NestawayTests.swift */; };
		5B197113204276D70068392F /* NestawayUITests.swift in Sources */ = {isa = PBXBuildFile; fileRef = 5B197112204276D70068392F /* NestawayUITests.swift */; };
		5BA0063B203B4E6E007391F8 /* AppDelegate.swift in Sources */ = {isa = PBXBuildFile; fileRef = 5BA0063A203B4E6E007391F8 /* AppDelegate.swift */; };
		5BA0063D203B4E6E007391F8 /* ViewController.swift in Sources */ = {isa = PBXBuildFile; fileRef = 5BA0063C203B4E6E007391F8 /* ViewController.swift */; };
		5BA00640203B4E6E007391F8 /* Main.storyboard in Resources */ = {isa = PBXBuildFile; fileRef = 5BA0063E203B4E6E007391F8 /* Main.storyboard */; };
		5BA00643203B4E6E007391F8 /* Nestaway.xcdatamodeld in Sources */ = {isa = PBXBuildFile; fileRef = 5BA00641203B4E6E007391F8 /* Nestaway.xcdatamodeld */; };
		5BA00645203B4E6E007391F8 /* Assets.xcassets in Resources */ = {isa = PBXBuildFile; fileRef = 5BA00644203B4E6E007391F8 /* Assets.xcassets */; };
		5BA00648203B4E6E007391F8 /* LaunchScreen.storyboard in Resources */ = {isa = PBXBuildFile; fileRef = 5BA00646203B4E6E007391F8 /* LaunchScreen.storyboard */; };
		5BA00653203C2055007391F8 /* TweetListTableViewCell.swift in Sources */ = {isa = PBXBuildFile; fileRef = 5BA00652203C2055007391F8 /* TweetListTableViewCell.swift */; };
		5BA00655203C2538007391F8 /* SearchViewModel.swift in Sources */ = {isa = PBXBuildFile; fileRef = 5BA00654203C2538007391F8 /* SearchViewModel.swift */; };
		5BA00657203C2906007391F8 /* TweetDataAccessProvider.swift in Sources */ = {isa = PBXBuildFile; fileRef = 5BA00656203C2906007391F8 /* TweetDataAccessProvider.swift */; };
		5BA00659203C2F62007391F8 /* Tweet + CoreDataClass.swift in Sources */ = {isa = PBXBuildFile; fileRef = 5BA00658203C2F62007391F8 /* Tweet + CoreDataClass.swift */; };
		5BA0065B203C2F74007391F8 /* Tweet + CoreDataProperties.swift in Sources */ = {isa = PBXBuildFile; fileRef = 5BA0065A203C2F74007391F8 /* Tweet + CoreDataProperties.swift */; };
		5BA0065E203C33FE007391F8 /* Network.swift in Sources */ = {isa = PBXBuildFile; fileRef = 5BA0065D203C33FE007391F8 /* Network.swift */; };
		5BA00664203D6500007391F8 /* UserInfoViewController.swift in Sources */ = {isa = PBXBuildFile; fileRef = 5BA00663203D6500007391F8 /* UserInfoViewController.swift */; };
		9BC65F849E008567AEB8F708 /* Pods_Nestaway_NestawayTests.framework in Frameworks */ = {isa = PBXBuildFile; fileRef = EB138A70C68B8DF41C9B245A /* Pods_Nestaway_NestawayTests.framework */; };
/* End PBXBuildFile section */

/* Begin PBXContainerItemProxy section */
		5B19710720416A580068392F /* PBXContainerItemProxy */ = {
			isa = PBXContainerItemProxy;
			containerPortal = 5BA0062F203B4E6E007391F8 /* Project object */;
			proxyType = 1;
			remoteGlobalIDString = 5BA00636203B4E6E007391F8;
			remoteInfo = Nestaway;
		};
		5B197115204276D70068392F /* PBXContainerItemProxy */ = {
			isa = PBXContainerItemProxy;
			containerPortal = 5BA0062F203B4E6E007391F8 /* Project object */;
			proxyType = 1;
			remoteGlobalIDString = 5BA00636203B4E6E007391F8;
			remoteInfo = Nestaway;
		};
/* End PBXContainerItemProxy section */

/* Begin PBXFileReference section */
		10DE48D91F8CB43C6A45E856 /* Pods-Nestaway-NestawayTests.debug.xcconfig */ = {isa = PBXFileReference; includeInIndex = 1; lastKnownFileType = text.xcconfig; name = "Pods-Nestaway-NestawayTests.debug.xcconfig"; path = "Pods/Target Support Files/Pods-Nestaway-NestawayTests/Pods-Nestaway-NestawayTests.debug.xcconfig"; sourceTree = "<group>"; };
		1C676F3E54F932B2C43E178A /* Pods-Nestaway.debug.xcconfig */ = {isa = PBXFileReference; includeInIndex = 1; lastKnownFileType = text.xcconfig; name = "Pods-Nestaway.debug.xcconfig"; path = "Pods/Target Support Files/Pods-Nestaway/Pods-Nestaway.debug.xcconfig"; sourceTree = "<group>"; };
		5B19710220416A580068392F /* NestawayTests.xctest */ = {isa = PBXFileReference; explicitFileType = wrapper.cfbundle; includeInIndex = 0; path = NestawayTests.xctest; sourceTree = BUILT_PRODUCTS_DIR; };
		5B19710420416A580068392F /* NestawayTests.swift */ = {isa = PBXFileReference; lastKnownFileType = sourcecode.swift; path = NestawayTests.swift; sourceTree = "<group>"; };
		5B19710620416A580068392F /* Info.plist */ = {isa = PBXFileReference; lastKnownFileType = text.plist.xml; path = Info.plist; sourceTree = "<group>"; };
		5B197110204276D70068392F /* NestawayUITests.xctest */ = {isa = PBXFileReference; explicitFileType = wrapper.cfbundle; includeInIndex = 0; path = NestawayUITests.xctest; sourceTree = BUILT_PRODUCTS_DIR; };
		5B197112204276D70068392F /* NestawayUITests.swift */ = {isa = PBXFileReference; lastKnownFileType = sourcecode.swift; path = NestawayUITests.swift; sourceTree = "<group>"; };
		5B197114204276D70068392F /* Info.plist */ = {isa = PBXFileReference; lastKnownFileType = text.plist.xml; path = Info.plist; sourceTree = "<group>"; };
		5B6028FB28F6383C7914144D /* Pods_Nestaway.framework */ = {isa = PBXFileReference; explicitFileType = wrapper.framework; includeInIndex = 0; path = Pods_Nestaway.framework; sourceTree = BUILT_PRODUCTS_DIR; };
		5BA00637203B4E6E007391F8 /* Nestaway.app */ = {isa = PBXFileReference; explicitFileType = wrapper.application; includeInIndex = 0; path = Nestaway.app; sourceTree = BUILT_PRODUCTS_DIR; };
		5BA0063A203B4E6E007391F8 /* AppDelegate.swift */ = {isa = PBXFileReference; lastKnownFileType = sourcecode.swift; path = AppDelegate.swift; sourceTree = "<group>"; };
		5BA0063C203B4E6E007391F8 /* ViewController.swift */ = {isa = PBXFileReference; lastKnownFileType = sourcecode.swift; path = ViewController.swift; sourceTree = "<group>"; };
		5BA0063F203B4E6E007391F8 /* Base */ = {isa = PBXFileReference; lastKnownFileType = file.storyboard; name = Base; path = Base.lproj/Main.storyboard; sourceTree = "<group>"; };
		5BA00642203B4E6E007391F8 /* Nestaway.xcdatamodel */ = {isa = PBXFileReference; lastKnownFileType = wrapper.xcdatamodel; path = Nestaway.xcdatamodel; sourceTree = "<group>"; };
		5BA00644203B4E6E007391F8 /* Assets.xcassets */ = {isa = PBXFileReference; lastKnownFileType = folder.assetcatalog; path = Assets.xcassets; sourceTree = "<group>"; };
		5BA00647203B4E6E007391F8 /* Base */ = {isa = PBXFileReference; lastKnownFileType = file.storyboard; name = Base; path = Base.lproj/LaunchScreen.storyboard; sourceTree = "<group>"; };
		5BA00649203B4E6E007391F8 /* Info.plist */ = {isa = PBXFileReference; lastKnownFileType = text.plist.xml; path = Info.plist; sourceTree = "<group>"; };
		5BA00652203C2055007391F8 /* TweetListTableViewCell.swift */ = {isa = PBXFileReference; lastKnownFileType = sourcecode.swift; path = TweetListTableViewCell.swift; sourceTree = "<group>"; };
		5BA00654203C2538007391F8 /* SearchViewModel.swift */ = {isa = PBXFileReference; lastKnownFileType = sourcecode.swift; path = SearchViewModel.swift; sourceTree = "<group>"; };
		5BA00656203C2906007391F8 /* TweetDataAccessProvider.swift */ = {isa = PBXFileReference; lastKnownFileType = sourcecode.swift; path = TweetDataAccessProvider.swift; sourceTree = "<group>"; };
		5BA00658203C2F62007391F8 /* Tweet + CoreDataClass.swift */ = {isa = PBXFileReference; lastKnownFileType = sourcecode.swift; path = "Tweet + CoreDataClass.swift"; sourceTree = "<group>"; };
		5BA0065A203C2F74007391F8 /* Tweet + CoreDataProperties.swift */ = {isa = PBXFileReference; lastKnownFileType = sourcecode.swift; path = "Tweet + CoreDataProperties.swift"; sourceTree = "<group>"; };
		5BA0065D203C33FE007391F8 /* Network.swift */ = {isa = PBXFileReference; lastKnownFileType = sourcecode.swift; path = Network.swift; sourceTree = "<group>"; };
		5BA00663203D6500007391F8 /* UserInfoViewController.swift */ = {isa = PBXFileReference; lastKnownFileType = sourcecode.swift; path = UserInfoViewController.swift; sourceTree = "<group>"; };
		65112A067E0568ABF7905E72 /* Pods-Nestaway-NestawayTests.release.xcconfig */ = {isa = PBXFileReference; includeInIndex = 1; lastKnownFileType = text.xcconfig; name = "Pods-Nestaway-NestawayTests.release.xcconfig"; path = "Pods/Target Support Files/Pods-Nestaway-NestawayTests/Pods-Nestaway-NestawayTests.release.xcconfig"; sourceTree = "<group>"; };
		6D20D54A9B189E5BC4F17158 /* Pods-Nestaway.release.xcconfig */ = {isa = PBXFileReference; includeInIndex = 1; lastKnownFileType = text.xcconfig; name = "Pods-Nestaway.release.xcconfig"; path = "Pods/Target Support Files/Pods-Nestaway/Pods-Nestaway.release.xcconfig"; sourceTree = "<group>"; };
		EB138A70C68B8DF41C9B245A /* Pods_Nestaway_NestawayTests.framework */ = {isa = PBXFileReference; explicitFileType = wrapper.framework; includeInIndex = 0; path = Pods_Nestaway_NestawayTests.framework; sourceTree = BUILT_PRODUCTS_DIR; };
/* End PBXFileReference section */

/* Begin PBXFrameworksBuildPhase section */
		5B1970FF20416A580068392F /* Frameworks */ = {
			isa = PBXFrameworksBuildPhase;
			buildActionMask = 2147483647;
			files = (
				9BC65F849E008567AEB8F708 /* Pods_Nestaway_NestawayTests.framework in Frameworks */,
			);
			runOnlyForDeploymentPostprocessing = 0;
		};
		5B19710D204276D70068392F /* Frameworks */ = {
			isa = PBXFrameworksBuildPhase;
			buildActionMask = 2147483647;
			files = (
			);
			runOnlyForDeploymentPostprocessing = 0;
		};
		5BA00634203B4E6E007391F8 /* Frameworks */ = {
			isa = PBXFrameworksBuildPhase;
			buildActionMask = 2147483647;
			files = (
				0142C3AB31BB4C9A4CFC4A57 /* Pods_Nestaway.framework in Frameworks */,
			);
			runOnlyForDeploymentPostprocessing = 0;
		};
/* End PBXFrameworksBuildPhase section */

/* Begin PBXGroup section */
		5B19710320416A580068392F /* NestawayTests */ = {
			isa = PBXGroup;
			children = (
				5B19710420416A580068392F /* NestawayTests.swift */,
				5B19710620416A580068392F /* Info.plist */,
			);
			path = NestawayTests;
			sourceTree = "<group>";
		};
		5B197111204276D70068392F /* NestawayUITests */ = {
			isa = PBXGroup;
			children = (
				5B197112204276D70068392F /* NestawayUITests.swift */,
				5B197114204276D70068392F /* Info.plist */,
			);
			path = NestawayUITests;
			sourceTree = "<group>";
		};
		5BA0062E203B4E6E007391F8 = {
			isa = PBXGroup;
			children = (
				5BA00639203B4E6E007391F8 /* Nestaway */,
				5B19710320416A580068392F /* NestawayTests */,
				5B197111204276D70068392F /* NestawayUITests */,
				5BA00638203B4E6E007391F8 /* Products */,
				9B486DC9E92389F3B2B0A856 /* Pods */,
				AFF8F3793DF262CDD4125F63 /* Frameworks */,
			);
			sourceTree = "<group>";
		};
		5BA00638203B4E6E007391F8 /* Products */ = {
			isa = PBXGroup;
			children = (
				5BA00637203B4E6E007391F8 /* Nestaway.app */,
				5B19710220416A580068392F /* NestawayTests.xctest */,
				5B197110204276D70068392F /* NestawayUITests.xctest */,
			);
			name = Products;
			sourceTree = "<group>";
		};
		5BA00639203B4E6E007391F8 /* Nestaway */ = {
			isa = PBXGroup;
			children = (
				5BA0063A203B4E6E007391F8 /* AppDelegate.swift */,
				5BA00667203D89D2007391F8 /* View */,
				5BA0063E203B4E6E007391F8 /* Main.storyboard */,
				5BA00644203B4E6E007391F8 /* Assets.xcassets */,
				5BA00646203B4E6E007391F8 /* LaunchScreen.storyboard */,
				5BA00649203B4E6E007391F8 /* Info.plist */,
				5BA00641203B4E6E007391F8 /* Nestaway.xcdatamodeld */,
				5BA00668203D89ED007391F8 /* ViewModel */,
				5BA0065C203C2F7D007391F8 /* Model */,
				5BA0065D203C33FE007391F8 /* Network.swift */,
			);
			path = Nestaway;
			sourceTree = "<group>";
		};
		5BA0065C203C2F7D007391F8 /* Model */ = {
			isa = PBXGroup;
			children = (
				5BA00656203C2906007391F8 /* TweetDataAccessProvider.swift */,
				5BA00658203C2F62007391F8 /* Tweet + CoreDataClass.swift */,
				5BA0065A203C2F74007391F8 /* Tweet + CoreDataProperties.swift */,
			);
			path = Model;
			sourceTree = "<group>";
		};
		5BA00667203D89D2007391F8 /* View */ = {
			isa = PBXGroup;
			children = (
				5BA0063C203B4E6E007391F8 /* ViewController.swift */,
				5BA00652203C2055007391F8 /* TweetListTableViewCell.swift */,
				5BA00663203D6500007391F8 /* UserInfoViewController.swift */,
			);
			path = View;
			sourceTree = "<group>";
		};
		5BA00668203D89ED007391F8 /* ViewModel */ = {
			isa = PBXGroup;
			children = (
				5BA00654203C2538007391F8 /* SearchViewModel.swift */,
			);
			path = ViewModel;
			sourceTree = "<group>";
		};
		9B486DC9E92389F3B2B0A856 /* Pods */ = {
			isa = PBXGroup;
			children = (
				1C676F3E54F932B2C43E178A /* Pods-Nestaway.debug.xcconfig */,
				6D20D54A9B189E5BC4F17158 /* Pods-Nestaway.release.xcconfig */,
				10DE48D91F8CB43C6A45E856 /* Pods-Nestaway-NestawayTests.debug.xcconfig */,
				65112A067E0568ABF7905E72 /* Pods-Nestaway-NestawayTests.release.xcconfig */,
			);
			name = Pods;
			sourceTree = "<group>";
		};
		AFF8F3793DF262CDD4125F63 /* Frameworks */ = {
			isa = PBXGroup;
			children = (
				5B6028FB28F6383C7914144D /* Pods_Nestaway.framework */,
				EB138A70C68B8DF41C9B245A /* Pods_Nestaway_NestawayTests.framework */,
			);
			name = Frameworks;
			sourceTree = "<group>";
		};
/* End PBXGroup section */

/* Begin PBXNativeTarget section */
		5B19710120416A580068392F /* NestawayTests */ = {
			isa = PBXNativeTarget;
			buildConfigurationList = 5B19710920416A580068392F /* Build configuration list for PBXNativeTarget "NestawayTests" */;
			buildPhases = (
				1ECB905B430C9A760D949933 /* [CP] Check Pods Manifest.lock */,
				5B1970FE20416A580068392F /* Sources */,
				5B1970FF20416A580068392F /* Frameworks */,
				5B19710020416A580068392F /* Resources */,
				6551D802BF05D06EDBAFA3B9 /* [CP] Embed Pods Frameworks */,
				0F89D8D97B7D81E3C11FA805 /* [CP] Copy Pods Resources */,
			);
			buildRules = (
			);
			dependencies = (
				5B19710820416A580068392F /* PBXTargetDependency */,
			);
			name = NestawayTests;
			productName = NestawayTests;
			productReference = 5B19710220416A580068392F /* NestawayTests.xctest */;
			productType = "com.apple.product-type.bundle.unit-test";
		};
		5B19710F204276D70068392F /* NestawayUITests */ = {
			isa = PBXNativeTarget;
			buildConfigurationList = 5B197119204276D70068392F /* Build configuration list for PBXNativeTarget "NestawayUITests" */;
			buildPhases = (
				5B19710C204276D70068392F /* Sources */,
				5B19710D204276D70068392F /* Frameworks */,
				5B19710E204276D70068392F /* Resources */,
			);
			buildRules = (
			);
			dependencies = (
				5B197116204276D70068392F /* PBXTargetDependency */,
			);
			name = NestawayUITests;
			productName = NestawayUITests;
			productReference = 5B197110204276D70068392F /* NestawayUITests.xctest */;
			productType = "com.apple.product-type.bundle.ui-testing";
		};
		5BA00636203B4E6E007391F8 /* Nestaway */ = {
			isa = PBXNativeTarget;
			buildConfigurationList = 5BA0064C203B4E6E007391F8 /* Build configuration list for PBXNativeTarget "Nestaway" */;
			buildPhases = (
				4BD4D702F1A3E064C2FB80B3 /* [CP] Check Pods Manifest.lock */,
				5BA00633203B4E6E007391F8 /* Sources */,
				5BA00634203B4E6E007391F8 /* Frameworks */,
				5BA00635203B4E6E007391F8 /* Resources */,
				578E422511F3C986645D700F /* [CP] Embed Pods Frameworks */,
				B2E1667882C07ECB8C52611D /* [CP] Copy Pods Resources */,
			);
			buildRules = (
			);
			dependencies = (
			);
			name = Nestaway;
			productName = Nestaway;
			productReference = 5BA00637203B4E6E007391F8 /* Nestaway.app */;
			productType = "com.apple.product-type.application";
		};
/* End PBXNativeTarget section */

/* Begin PBXProject section */
		5BA0062F203B4E6E007391F8 /* Project object */ = {
			isa = PBXProject;
			attributes = {
				LastSwiftUpdateCheck = 0920;
				LastUpgradeCheck = 0920;
				ORGANIZATIONNAME = "Ashiq Sulaiman";
				TargetAttributes = {
					5B19710120416A580068392F = {
						CreatedOnToolsVersion = 9.2;
						ProvisioningStyle = Automatic;
						TestTargetID = 5BA00636203B4E6E007391F8;
					};
					5B19710F204276D70068392F = {
						CreatedOnToolsVersion = 9.2;
						ProvisioningStyle = Automatic;
						TestTargetID = 5BA00636203B4E6E007391F8;
					};
					5BA00636203B4E6E007391F8 = {
						CreatedOnToolsVersion = 9.2;
						ProvisioningStyle = Automatic;
					};
				};
			};
			buildConfigurationList = 5BA00632203B4E6E007391F8 /* Build configuration list for PBXProject "Nestaway" */;
			compatibilityVersion = "Xcode 8.0";
			developmentRegion = en;
			hasScannedForEncodings = 0;
			knownRegions = (
				en,
				Base,
			);
			mainGroup = 5BA0062E203B4E6E007391F8;
			productRefGroup = 5BA00638203B4E6E007391F8 /* Products */;
			projectDirPath = "";
			projectRoot = "";
			targets = (
				5BA00636203B4E6E007391F8 /* Nestaway */,
				5B19710120416A580068392F /* NestawayTests */,
				5B19710F204276D70068392F /* NestawayUITests */,
			);
		};
/* End PBXProject section */

/* Begin PBXResourcesBuildPhase section */
		5B19710020416A580068392F /* Resources */ = {
			isa = PBXResourcesBuildPhase;
			buildActionMask = 2147483647;
			files = (
			);
			runOnlyForDeploymentPostprocessing = 0;
		};
		5B19710E204276D70068392F /* Resources */ = {
			isa = PBXResourcesBuildPhase;
			buildActionMask = 2147483647;
			files = (
			);
			runOnlyForDeploymentPostprocessing = 0;
		};
		5BA00635203B4E6E007391F8 /* Resources */ = {
			isa = PBXResourcesBuildPhase;
			buildActionMask = 2147483647;
			files = (
				5BA00648203B4E6E007391F8 /* LaunchScreen.storyboard in Resources */,
				5BA00645203B4E6E007391F8 /* Assets.xcassets in Resources */,
				5BA00640203B4E6E007391F8 /* Main.storyboard in Resources */,
			);
			runOnlyForDeploymentPostprocessing = 0;
		};
/* End PBXResourcesBuildPhase section */

/* Begin PBXShellScriptBuildPhase section */
		0F89D8D97B7D81E3C11FA805 /* [CP] Copy Pods Resources */ = {
			isa = PBXShellScriptBuildPhase;
			buildActionMask = 2147483647;
			files = (
			);
			inputPaths = (
			);
			name = "[CP] Copy Pods Resources";
			outputPaths = (
			);
			runOnlyForDeploymentPostprocessing = 0;
			shellPath = /bin/sh;
			shellScript = "\"${SRCROOT}/Pods/Target Support Files/Pods-Nestaway-NestawayTests/Pods-Nestaway-NestawayTests-resources.sh\"\n";
			showEnvVarsInLog = 0;
		};
		1ECB905B430C9A760D949933 /* [CP] Check Pods Manifest.lock */ = {
			isa = PBXShellScriptBuildPhase;
			buildActionMask = 2147483647;
			files = (
			);
			inputPaths = (
				"${PODS_PODFILE_DIR_PATH}/Podfile.lock",
				"${PODS_ROOT}/Manifest.lock",
			);
			name = "[CP] Check Pods Manifest.lock";
			outputPaths = (
				"$(DERIVED_FILE_DIR)/Pods-Nestaway-NestawayTests-checkManifestLockResult.txt",
			);
			runOnlyForDeploymentPostprocessing = 0;
			shellPath = /bin/sh;
			shellScript = "diff \"${PODS_PODFILE_DIR_PATH}/Podfile.lock\" \"${PODS_ROOT}/Manifest.lock\" > /dev/null\nif [ $? != 0 ] ; then\n    # print error to STDERR\n    echo \"error: The sandbox is not in sync with the Podfile.lock. Run 'pod install' or update your CocoaPods installation.\" >&2\n    exit 1\nfi\n# This output is used by Xcode 'outputs' to avoid re-running this script phase.\necho \"SUCCESS\" > \"${SCRIPT_OUTPUT_FILE_0}\"\n";
			showEnvVarsInLog = 0;
		};
		4BD4D702F1A3E064C2FB80B3 /* [CP] Check Pods Manifest.lock */ = {
			isa = PBXShellScriptBuildPhase;
			buildActionMask = 2147483647;
			files = (
			);
			inputPaths = (
				"${PODS_PODFILE_DIR_PATH}/Podfile.lock",
				"${PODS_ROOT}/Manifest.lock",
			);
			name = "[CP] Check Pods Manifest.lock";
			outputPaths = (
				"$(DERIVED_FILE_DIR)/Pods-Nestaway-checkManifestLockResult.txt",
			);
			runOnlyForDeploymentPostprocessing = 0;
			shellPath = /bin/sh;
			shellScript = "diff \"${PODS_PODFILE_DIR_PATH}/Podfile.lock\" \"${PODS_ROOT}/Manifest.lock\" > /dev/null\nif [ $? != 0 ] ; then\n    # print error to STDERR\n    echo \"error: The sandbox is not in sync with the Podfile.lock. Run 'pod install' or update your CocoaPods installation.\" >&2\n    exit 1\nfi\n# This output is used by Xcode 'outputs' to avoid re-running this script phase.\necho \"SUCCESS\" > \"${SCRIPT_OUTPUT_FILE_0}\"\n";
			showEnvVarsInLog = 0;
		};
		578E422511F3C986645D700F /* [CP] Embed Pods Frameworks */ = {
			isa = PBXShellScriptBuildPhase;
			buildActionMask = 2147483647;
			files = (
			);
			inputPaths = (
				"${SRCROOT}/Pods/Target Support Files/Pods-Nestaway/Pods-Nestaway-frameworks.sh",
				"${BUILT_PRODUCTS_DIR}/Alamofire/Alamofire.framework",
				"${BUILT_PRODUCTS_DIR}/RxCocoa/RxCocoa.framework",
				"${BUILT_PRODUCTS_DIR}/RxSwift/RxSwift.framework",
				"${BUILT_PRODUCTS_DIR}/SwiftyJSON/SwiftyJSON.framework",
			);
			name = "[CP] Embed Pods Frameworks";
			outputPaths = (
				"${TARGET_BUILD_DIR}/${FRAMEWORKS_FOLDER_PATH}/Alamofire.framework",
				"${TARGET_BUILD_DIR}/${FRAMEWORKS_FOLDER_PATH}/RxCocoa.framework",
				"${TARGET_BUILD_DIR}/${FRAMEWORKS_FOLDER_PATH}/RxSwift.framework",
				"${TARGET_BUILD_DIR}/${FRAMEWORKS_FOLDER_PATH}/SwiftyJSON.framework",
			);
			runOnlyForDeploymentPostprocessing = 0;
			shellPath = /bin/sh;
			shellScript = "\"${SRCROOT}/Pods/Target Support Files/Pods-Nestaway/Pods-Nestaway-frameworks.sh\"\n";
			showEnvVarsInLog = 0;
		};
		6551D802BF05D06EDBAFA3B9 /* [CP] Embed Pods Frameworks */ = {
			isa = PBXShellScriptBuildPhase;
			buildActionMask = 2147483647;
			files = (
			);
			inputPaths = (
				"${SRCROOT}/Pods/Target Support Files/Pods-Nestaway-NestawayTests/Pods-Nestaway-NestawayTests-frameworks.sh",
				"${BUILT_PRODUCTS_DIR}/Alamofire/Alamofire.framework",
				"${BUILT_PRODUCTS_DIR}/RxCocoa/RxCocoa.framework",
				"${BUILT_PRODUCTS_DIR}/RxSwift/RxSwift.framework",
				"${BUILT_PRODUCTS_DIR}/SwiftyJSON/SwiftyJSON.framework",
			);
			name = "[CP] Embed Pods Frameworks";
			outputPaths = (
				"${TARGET_BUILD_DIR}/${FRAMEWORKS_FOLDER_PATH}/Alamofire.framework",
				"${TARGET_BUILD_DIR}/${FRAMEWORKS_FOLDER_PATH}/RxCocoa.framework",
				"${TARGET_BUILD_DIR}/${FRAMEWORKS_FOLDER_PATH}/RxSwift.framework",
				"${TARGET_BUILD_DIR}/${FRAMEWORKS_FOLDER_PATH}/SwiftyJSON.framework",
			);
			runOnlyForDeploymentPostprocessing = 0;
			shellPath = /bin/sh;
			shellScript = "\"${SRCROOT}/Pods/Target Support Files/Pods-Nestaway-NestawayTests/Pods-Nestaway-NestawayTests-frameworks.sh\"\n";
			showEnvVarsInLog = 0;
		};
		B2E1667882C07ECB8C52611D /* [CP] Copy Pods Resources */ = {
			isa = PBXShellScriptBuildPhase;
			buildActionMask = 2147483647;
			files = (
			);
			inputPaths = (
			);
			name = "[CP] Copy Pods Resources";
			outputPaths = (
			);
			runOnlyForDeploymentPostprocessing = 0;
			shellPath = /bin/sh;
			shellScript = "\"${SRCROOT}/Pods/Target Support Files/Pods-Nestaway/Pods-Nestaway-resources.sh\"\n";
			showEnvVarsInLog = 0;
		};
/* End PBXShellScriptBuildPhase section */

/* Begin PBXSourcesBuildPhase section */
		5B1970FE20416A580068392F /* Sources */ = {
			isa = PBXSourcesBuildPhase;
			buildActionMask = 2147483647;
			files = (
				5B19710520416A580068392F /* NestawayTests.swift in Sources */,
			);
			runOnlyForDeploymentPostprocessing = 0;
		};
		5B19710C204276D70068392F /* Sources */ = {
			isa = PBXSourcesBuildPhase;
			buildActionMask = 2147483647;
			files = (
				5B197113204276D70068392F /* NestawayUITests.swift in Sources */,
			);
			runOnlyForDeploymentPostprocessing = 0;
		};
		5BA00633203B4E6E007391F8 /* Sources */ = {
			isa = PBXSourcesBuildPhase;
			buildActionMask = 2147483647;
			files = (
				5BA00659203C2F62007391F8 /* Tweet + CoreDataClass.swift in Sources */,
				5BA00657203C2906007391F8 /* TweetDataAccessProvider.swift in Sources */,
				5BA0063D203B4E6E007391F8 /* ViewController.swift in Sources */,
				5BA00655203C2538007391F8 /* SearchViewModel.swift in Sources */,
				5BA0063B203B4E6E007391F8 /* AppDelegate.swift in Sources */,
				5BA0065E203C33FE007391F8 /* Network.swift in Sources */,
				5BA00643203B4E6E007391F8 /* Nestaway.xcdatamodeld in Sources */,
				5BA00664203D6500007391F8 /* UserInfoViewController.swift in Sources */,
				5BA0065B203C2F74007391F8 /* Tweet + CoreDataProperties.swift in Sources */,
				5BA00653203C2055007391F8 /* TweetListTableViewCell.swift in Sources */,
			);
			runOnlyForDeploymentPostprocessing = 0;
		};
/* End PBXSourcesBuildPhase section */

/* Begin PBXTargetDependency section */
		5B19710820416A580068392F /* PBXTargetDependency */ = {
			isa = PBXTargetDependency;
			target = 5BA00636203B4E6E007391F8 /* Nestaway */;
			targetProxy = 5B19710720416A580068392F /* PBXContainerItemProxy */;
		};
		5B197116204276D70068392F /* PBXTargetDependency */ = {
			isa = PBXTargetDependency;
			target = 5BA00636203B4E6E007391F8 /* Nestaway */;
			targetProxy = 5B197115204276D70068392F /* PBXContainerItemProxy */;
		};
/* End PBXTargetDependency section */

/* Begin PBXVariantGroup section */
		5BA0063E203B4E6E007391F8 /* Main.storyboard */ = {
			isa = PBXVariantGroup;
			children = (
				5BA0063F203B4E6E007391F8 /* Base */,
			);
			name = Main.storyboard;
			sourceTree = "<group>";
		};
		5BA00646203B4E6E007391F8 /* LaunchScreen.storyboard */ = {
			isa = PBXVariantGroup;
			children = (
				5BA00647203B4E6E007391F8 /* Base */,
			);
			name = LaunchScreen.storyboard;
			sourceTree = "<group>";
		};
/* End PBXVariantGroup section */

/* Begin XCBuildConfiguration section */
		5B19710A20416A580068392F /* Debug */ = {
			isa = XCBuildConfiguration;
			baseConfigurationReference = 10DE48D91F8CB43C6A45E856 /* Pods-Nestaway-NestawayTests.debug.xcconfig */;
			buildSettings = {
				BUNDLE_LOADER = "$(TEST_HOST)";
				CODE_SIGN_STYLE = Automatic;
				DEVELOPMENT_TEAM = E3JNAB32PR;
				INFOPLIST_FILE = NestawayTests/Info.plist;
				LD_RUNPATH_SEARCH_PATHS = "$(inherited) @executable_path/Frameworks @loader_path/Frameworks";
				PRODUCT_BUNDLE_IDENTIFIER = ashiq.NestawayTests;
				PRODUCT_NAME = "$(TARGET_NAME)";
				SWIFT_VERSION = 4.0;
				TARGETED_DEVICE_FAMILY = "1,2";
				TEST_HOST = "$(BUILT_PRODUCTS_DIR)/Nestaway.app/Nestaway";
			};
			name = Debug;
		};
		5B19710B20416A580068392F /* Release */ = {
			isa = XCBuildConfiguration;
			baseConfigurationReference = 65112A067E0568ABF7905E72 /* Pods-Nestaway-NestawayTests.release.xcconfig */;
			buildSettings = {
				BUNDLE_LOADER = "$(TEST_HOST)";
				CODE_SIGN_STYLE = Automatic;
				DEVELOPMENT_TEAM = E3JNAB32PR;
				INFOPLIST_FILE = NestawayTests/Info.plist;
				LD_RUNPATH_SEARCH_PATHS = "$(inherited) @executable_path/Frameworks @loader_path/Frameworks";
				PRODUCT_BUNDLE_IDENTIFIER = ashiq.NestawayTests;
				PRODUCT_NAME = "$(TARGET_NAME)";
				SWIFT_VERSION = 4.0;
				TARGETED_DEVICE_FAMILY = "1,2";
				TEST_HOST = "$(BUILT_PRODUCTS_DIR)/Nestaway.app/Nestaway";
			};
			name = Release;
		};
		5B197117204276D70068392F /* Debug */ = {
			isa = XCBuildConfiguration;
			buildSettings = {
				CODE_SIGN_STYLE = Automatic;
				DEVELOPMENT_TEAM = E3JNAB32PR;
				INFOPLIST_FILE = NestawayUITests/Info.plist;
				LD_RUNPATH_SEARCH_PATHS = "$(inherited) @executable_path/Frameworks @loader_path/Frameworks";
				PRODUCT_BUNDLE_IDENTIFIER = ashiq.NestawayUITests;
				PRODUCT_NAME = "$(TARGET_NAME)";
				SWIFT_VERSION = 4.0;
				TARGETED_DEVICE_FAMILY = "1,2";
				TEST_TARGET_NAME = Nestaway;
			};
			name = Debug;
		};
		5B197118204276D70068392F /* Release */ = {
			isa = XCBuildConfiguration;
			buildSettings = {
				CODE_SIGN_STYLE = Automatic;
				DEVELOPMENT_TEAM = E3JNAB32PR;
				INFOPLIST_FILE = NestawayUITests/Info.plist;
				LD_RUNPATH_SEARCH_PATHS = "$(inherited) @executable_path/Frameworks @loader_path/Frameworks";
				PRODUCT_BUNDLE_IDENTIFIER = ashiq.NestawayUITests;
				PRODUCT_NAME = "$(TARGET_NAME)";
				SWIFT_VERSION = 4.0;
				TARGETED_DEVICE_FAMILY = "1,2";
				TEST_TARGET_NAME = Nestaway;
			};
			name = Release;
		};
		5BA0064A203B4E6E007391F8 /* Debug */ = {
			isa = XCBuildConfiguration;
			buildSettings = {
				ALWAYS_SEARCH_USER_PATHS = NO;
				CLANG_ANALYZER_NONNULL = YES;
				CLANG_ANALYZER_NUMBER_OBJECT_CONVERSION = YES_AGGRESSIVE;
				CLANG_CXX_LANGUAGE_STANDARD = "gnu++14";
				CLANG_CXX_LIBRARY = "libc++";
				CLANG_ENABLE_MODULES = YES;
				CLANG_ENABLE_OBJC_ARC = YES;
				CLANG_WARN_BLOCK_CAPTURE_AUTORELEASING = YES;
				CLANG_WARN_BOOL_CONVERSION = YES;
				CLANG_WARN_COMMA = YES;
				CLANG_WARN_CONSTANT_CONVERSION = YES;
				CLANG_WARN_DIRECT_OBJC_ISA_USAGE = YES_ERROR;
				CLANG_WARN_DOCUMENTATION_COMMENTS = YES;
				CLANG_WARN_EMPTY_BODY = YES;
				CLANG_WARN_ENUM_CONVERSION = YES;
				CLANG_WARN_INFINITE_RECURSION = YES;
				CLANG_WARN_INT_CONVERSION = YES;
				CLANG_WARN_NON_LITERAL_NULL_CONVERSION = YES;
				CLANG_WARN_OBJC_LITERAL_CONVERSION = YES;
				CLANG_WARN_OBJC_ROOT_CLASS = YES_ERROR;
				CLANG_WARN_RANGE_LOOP_ANALYSIS = YES;
				CLANG_WARN_STRICT_PROTOTYPES = YES;
				CLANG_WARN_SUSPICIOUS_MOVE = YES;
				CLANG_WARN_UNGUARDED_AVAILABILITY = YES_AGGRESSIVE;
				CLANG_WARN_UNREACHABLE_CODE = YES;
				CLANG_WARN__DUPLICATE_METHOD_MATCH = YES;
				CODE_SIGN_IDENTITY = "iPhone Developer";
				COPY_PHASE_STRIP = NO;
				DEBUG_INFORMATION_FORMAT = dwarf;
				ENABLE_STRICT_OBJC_MSGSEND = YES;
				ENABLE_TESTABILITY = YES;
				GCC_C_LANGUAGE_STANDARD = gnu11;
				GCC_DYNAMIC_NO_PIC = NO;
				GCC_NO_COMMON_BLOCKS = YES;
				GCC_OPTIMIZATION_LEVEL = 0;
				GCC_PREPROCESSOR_DEFINITIONS = (
					"DEBUG=1",
					"$(inherited)",
				);
				GCC_WARN_64_TO_32_BIT_CONVERSION = YES;
				GCC_WARN_ABOUT_RETURN_TYPE = YES_ERROR;
				GCC_WARN_UNDECLARED_SELECTOR = YES;
				GCC_WARN_UNINITIALIZED_AUTOS = YES_AGGRESSIVE;
				GCC_WARN_UNUSED_FUNCTION = YES;
				GCC_WARN_UNUSED_VARIABLE = YES;
				IPHONEOS_DEPLOYMENT_TARGET = 11.2;
				MTL_ENABLE_DEBUG_INFO = YES;
				ONLY_ACTIVE_ARCH = YES;
				SDKROOT = iphoneos;
				SWIFT_ACTIVE_COMPILATION_CONDITIONS = DEBUG;
				SWIFT_OPTIMIZATION_LEVEL = "-Onone";
			};
			name = Debug;
		};
		5BA0064B203B4E6E007391F8 /* Release */ = {
			isa = XCBuildConfiguration;
			buildSettings = {
				ALWAYS_SEARCH_USER_PATHS = NO;
				CLANG_ANALYZER_NONNULL = YES;
				CLANG_ANALYZER_NUMBER_OBJECT_CONVERSION = YES_AGGRESSIVE;
				CLANG_CXX_LANGUAGE_STANDARD = "gnu++14";
				CLANG_CXX_LIBRARY = "libc++";
				CLANG_ENABLE_MODULES = YES;
				CLANG_ENABLE_OBJC_ARC = YES;
				CLANG_WARN_BLOCK_CAPTURE_AUTORELEASING = YES;
				CLANG_WARN_BOOL_CONVERSION = YES;
				CLANG_WARN_COMMA = YES;
				CLANG_WARN_CONSTANT_CONVERSION = YES;
				CLANG_WARN_DIRECT_OBJC_ISA_USAGE = YES_ERROR;
				CLANG_WARN_DOCUMENTATION_COMMENTS = YES;
				CLANG_WARN_EMPTY_BODY = YES;
				CLANG_WARN_ENUM_CONVERSION = YES;
				CLANG_WARN_INFINITE_RECURSION = YES;
				CLANG_WARN_INT_CONVERSION = YES;
				CLANG_WARN_NON_LITERAL_NULL_CONVERSION = YES;
				CLANG_WARN_OBJC_LITERAL_CONVERSION = YES;
				CLANG_WARN_OBJC_ROOT_CLASS = YES_ERROR;
				CLANG_WARN_RANGE_LOOP_ANALYSIS = YES;
				CLANG_WARN_STRICT_PROTOTYPES = YES;
				CLANG_WARN_SUSPICIOUS_MOVE = YES;
				CLANG_WARN_UNGUARDED_AVAILABILITY = YES_AGGRESSIVE;
				CLANG_WARN_UNREACHABLE_CODE = YES;
				CLANG_WARN__DUPLICATE_METHOD_MATCH = YES;
				CODE_SIGN_IDENTITY = "iPhone Developer";
				COPY_PHASE_STRIP = NO;
				DEBUG_INFORMATION_FORMAT = "dwarf-with-dsym";
				ENABLE_NS_ASSERTIONS = NO;
				ENABLE_STRICT_OBJC_MSGSEND = YES;
				GCC_C_LANGUAGE_STANDARD = gnu11;
				GCC_NO_COMMON_BLOCKS = YES;
				GCC_WARN_64_TO_32_BIT_CONVERSION = YES;
				GCC_WARN_ABOUT_RETURN_TYPE = YES_ERROR;
				GCC_WARN_UNDECLARED_SELECTOR = YES;
				GCC_WARN_UNINITIALIZED_AUTOS = YES_AGGRESSIVE;
				GCC_WARN_UNUSED_FUNCTION = YES;
				GCC_WARN_UNUSED_VARIABLE = YES;
				IPHONEOS_DEPLOYMENT_TARGET = 11.2;
				MTL_ENABLE_DEBUG_INFO = NO;
				SDKROOT = iphoneos;
				SWIFT_OPTIMIZATION_LEVEL = "-Owholemodule";
				VALIDATE_PRODUCT = YES;
			};
			name = Release;
		};
		5BA0064D203B4E6E007391F8 /* Debug */ = {
			isa = XCBuildConfiguration;
			baseConfigurationReference = 1C676F3E54F932B2C43E178A /* Pods-Nestaway.debug.xcconfig */;
			buildSettings = {
				ASSETCATALOG_COMPILER_APPICON_NAME = AppIcon;
				CODE_SIGN_STYLE = Automatic;
				DEVELOPMENT_TEAM = E3JNAB32PR;
				INFOPLIST_FILE = Nestaway/Info.plist;
				LD_RUNPATH_SEARCH_PATHS = "$(inherited) @executable_path/Frameworks";
				PRODUCT_BUNDLE_IDENTIFIER = ashiq.Nestaway;
				PRODUCT_NAME = "$(TARGET_NAME)";
				SWIFT_VERSION = 4.0;
				TARGETED_DEVICE_FAMILY = "1,2";
			};
			name = Debug;
		};
		5BA0064E203B4E6E007391F8 /* Release */ = {
			isa = XCBuildConfiguration;
			baseConfigurationReference = 6D20D54A9B189E5BC4F17158 /* Pods-Nestaway.release.xcconfig */;
			buildSettings = {
				ASSETCATALOG_COMPILER_APPICON_NAME = AppIcon;
				CODE_SIGN_STYLE = Automatic;
				DEVELOPMENT_TEAM = E3JNAB32PR;
				INFOPLIST_FILE = Nestaway/Info.plist;
				LD_RUNPATH_SEARCH_PATHS = "$(inherited) @executable_path/Frameworks";
				PRODUCT_BUNDLE_IDENTIFIER = ashiq.Nestaway;
				PRODUCT_NAME = "$(TARGET_NAME)";
				SWIFT_VERSION = 4.0;
				TARGETED_DEVICE_FAMILY = "1,2";
			};
			name = Release;
		};
/* End XCBuildConfiguration section */

/* Begin XCConfigurationList section */
		5B19710920416A580068392F /* Build configuration list for PBXNativeTarget "NestawayTests" */ = {
			isa = XCConfigurationList;
			buildConfigurations = (
				5B19710A20416A580068392F /* Debug */,
				5B19710B20416A580068392F /* Release */,
			);
			defaultConfigurationIsVisible = 0;
			defaultConfigurationName = Release;
		};
		5B197119204276D70068392F /* Build configuration list for PBXNativeTarget "NestawayUITests" */ = {
			isa = XCConfigurationList;
			buildConfigurations = (
				5B197117204276D70068392F /* Debug */,
				5B197118204276D70068392F /* Release */,
			);
			defaultConfigurationIsVisible = 0;
			defaultConfigurationName = Release;
		};
		5BA00632203B4E6E007391F8 /* Build configuration list for PBXProject "Nestaway" */ = {
			isa = XCConfigurationList;
			buildConfigurations = (
				5BA0064A203B4E6E007391F8 /* Debug */,
				5BA0064B203B4E6E007391F8 /* Release */,
			);
			defaultConfigurationIsVisible = 0;
			defaultConfigurationName = Release;
		};
		5BA0064C203B4E6E007391F8 /* Build configuration list for PBXNativeTarget "Nestaway" */ = {
			isa = XCConfigurationList;
			buildConfigurations = (
				5BA0064D203B4E6E007391F8 /* Debug */,
				5BA0064E203B4E6E007391F8 /* Release */,
			);
			defaultConfigurationIsVisible = 0;
			defaultConfigurationName = Release;
		};
/* End XCConfigurationList section */

/* Begin XCVersionGroup section */
		5BA00641203B4E6E007391F8 /* Nestaway.xcdatamodeld */ = {
			isa = XCVersionGroup;
			children = (
				5BA00642203B4E6E007391F8 /* Nestaway.xcdatamodel */,
			);
			currentVersion = 5BA00642203B4E6E007391F8 /* Nestaway.xcdatamodel */;
			path = Nestaway.xcdatamodeld;
			sourceTree = "<group>";
			versionGroupType = wrapper.xcdatamodel;
		};
/* End XCVersionGroup section */
	};
	rootObject = 5BA0062F203B4E6E007391F8 /* Project object */;
}
